
Microsoft Visual Studio Solution File, Format Version 12.00
# Visual Studio Version 17
VisualStudioVersion = 17.0.31919.166
MinimumVisualStudioVersion = 10.0.40219.1
Project("{F184B08F-C81C-45F6-A57F-5ABD9991F28F}") = "vb_exercise_do", "vb_exercise_do\vb_exercise_do.vbproj", "{83848D30-FA4D-4F5E-9596-33FF2E7D6A1F}"
EndProject
Global
	GlobalSection(SolutionConfigurationPlatforms) = preSolution
		Debug|Any CPU = Debug|Any CPU
		Release|Any CPU = Release|Any CPU
	EndGlobalSection
	GlobalSection(ProjectConfigurationPlatforms) = postSolution
		{83848D30-FA4D-4F5E-9596-33FF2E7D6A1F}.Debug|Any CPU.ActiveCfg = Debug|Any CPU
		{83848D30-FA4D-4F5E-9596-33FF2E7D6A1F}.Debug|Any CPU.Build.0 = Debug|Any CPU
		{83848D30-FA4D-4F5E-9596-33FF2E7D6A1F}.Release|Any CPU.ActiveCfg = Release|Any CPU
		{83848D30-FA4D-4F5E-9596-33FF2E7D6A1F}.Release|Any CPU.Build.0 = Release|Any CPU
	EndGlobalSection
	GlobalSection(SolutionProperties) = preSolution
		HideSolutionNode = FALSE
	EndGlobalSection
	GlobalSection(ExtensibilityGlobals) = postSolution
		SolutionGuid = {526932C9-1DC1-44B7-AF08-4A8AD8C94B0A}
	EndGlobalSection
EndGlobal
