
Microsoft Visual Studio Solution File, Format Version 12.00
# Visual Studio Version 17
VisualStudioVersion = 17.0.31919.166
MinimumVisualStudioVersion = 10.0.40219.1
Project("{F184B08F-C81C-45F6-A57F-5ABD9991F28F}") = "vb_5", "vb_5\vb_5.vbproj", "{D5EEA0CF-7F98-4780-8FAE-E42F401FD539}"
EndProject
Global
	GlobalSection(SolutionConfigurationPlatforms) = preSolution
		Debug|Any CPU = Debug|Any CPU
		Release|Any CPU = Release|Any CPU
	EndGlobalSection
	GlobalSection(ProjectConfigurationPlatforms) = postSolution
		{D5EEA0CF-7F98-4780-8FAE-E42F401FD539}.Debug|Any CPU.ActiveCfg = Debug|Any CPU
		{D5EEA0CF-7F98-4780-8FAE-E42F401FD539}.Debug|Any CPU.Build.0 = Debug|Any CPU
		{D5EEA0CF-7F98-4780-8FAE-E42F401FD539}.Release|Any CPU.ActiveCfg = Release|Any CPU
		{D5EEA0CF-7F98-4780-8FAE-E42F401FD539}.Release|Any CPU.Build.0 = Release|Any CPU
	EndGlobalSection
	GlobalSection(SolutionProperties) = preSolution
		HideSolutionNode = FALSE
	EndGlobalSection
	GlobalSection(ExtensibilityGlobals) = postSolution
		SolutionGuid = {D3E4D3F4-FD38-47A5-994A-B732AD9734C7}
	EndGlobalSection
EndGlobal
