
Microsoft Visual Studio Solution File, Format Version 12.00
# Visual Studio Version 17
VisualStudioVersion = 17.0.31919.166
MinimumVisualStudioVersion = 10.0.40219.1
Project("{F184B08F-C81C-45F6-A57F-5ABD9991F28F}") = "vb_exercise_select", "vb_exercise_select\vb_exercise_select.vbproj", "{2CF6532E-0E3F-4F05-AF63-FDEF617C9270}"
EndProject
Global
	GlobalSection(SolutionConfigurationPlatforms) = preSolution
		Debug|Any CPU = Debug|Any CPU
		Release|Any CPU = Release|Any CPU
	EndGlobalSection
	GlobalSection(ProjectConfigurationPlatforms) = postSolution
		{2CF6532E-0E3F-4F05-AF63-FDEF617C9270}.Debug|Any CPU.ActiveCfg = Debug|Any CPU
		{2CF6532E-0E3F-4F05-AF63-FDEF617C9270}.Debug|Any CPU.Build.0 = Debug|Any CPU
		{2CF6532E-0E3F-4F05-AF63-FDEF617C9270}.Release|Any CPU.ActiveCfg = Release|Any CPU
		{2CF6532E-0E3F-4F05-AF63-FDEF617C9270}.Release|Any CPU.Build.0 = Release|Any CPU
	EndGlobalSection
	GlobalSection(SolutionProperties) = preSolution
		HideSolutionNode = FALSE
	EndGlobalSection
	GlobalSection(ExtensibilityGlobals) = postSolution
		SolutionGuid = {9D30D754-61E2-48EF-BE62-7A27141B093F}
	EndGlobalSection
EndGlobal
