
Microsoft Visual Studio Solution File, Format Version 12.00
# Visual Studio Version 17
VisualStudioVersion = 17.0.31919.166
MinimumVisualStudioVersion = 10.0.40219.1
Project("{F184B08F-C81C-45F6-A57F-5ABD9991F28F}") = "vb_7_exercise", "vb_7_exercise\vb_7_exercise.vbproj", "{D9690E47-1190-40CE-BF84-1968CC8F0DF4}"
EndProject
Global
	GlobalSection(SolutionConfigurationPlatforms) = preSolution
		Debug|Any CPU = Debug|Any CPU
		Release|Any CPU = Release|Any CPU
	EndGlobalSection
	GlobalSection(ProjectConfigurationPlatforms) = postSolution
		{D9690E47-1190-40CE-BF84-1968CC8F0DF4}.Debug|Any CPU.ActiveCfg = Debug|Any CPU
		{D9690E47-1190-40CE-BF84-1968CC8F0DF4}.Debug|Any CPU.Build.0 = Debug|Any CPU
		{D9690E47-1190-40CE-BF84-1968CC8F0DF4}.Release|Any CPU.ActiveCfg = Release|Any CPU
		{D9690E47-1190-40CE-BF84-1968CC8F0DF4}.Release|Any CPU.Build.0 = Release|Any CPU
	EndGlobalSection
	GlobalSection(SolutionProperties) = preSolution
		HideSolutionNode = FALSE
	EndGlobalSection
	GlobalSection(ExtensibilityGlobals) = postSolution
		SolutionGuid = {8DFD5711-E8F2-4217-9B6C-D270BCDB765B}
	EndGlobalSection
EndGlobal
