
Microsoft Visual Studio Solution File, Format Version 12.00
# Visual Studio Version 17
VisualStudioVersion = 17.0.31919.166
MinimumVisualStudioVersion = 10.0.40219.1
Project("{F184B08F-C81C-45F6-A57F-5ABD9991F28F}") = "vb_revision_func_sub", "vb_revision_func_sub\vb_revision_func_sub.vbproj", "{38886453-092B-4435-B332-6FB4A2686B53}"
EndProject
Global
	GlobalSection(SolutionConfigurationPlatforms) = preSolution
		Debug|Any CPU = Debug|Any CPU
		Release|Any CPU = Release|Any CPU
	EndGlobalSection
	GlobalSection(ProjectConfigurationPlatforms) = postSolution
		{38886453-092B-4435-B332-6FB4A2686B53}.Debug|Any CPU.ActiveCfg = Debug|Any CPU
		{38886453-092B-4435-B332-6FB4A2686B53}.Debug|Any CPU.Build.0 = Debug|Any CPU
		{38886453-092B-4435-B332-6FB4A2686B53}.Release|Any CPU.ActiveCfg = Release|Any CPU
		{38886453-092B-4435-B332-6FB4A2686B53}.Release|Any CPU.Build.0 = Release|Any CPU
	EndGlobalSection
	GlobalSection(SolutionProperties) = preSolution
		HideSolutionNode = FALSE
	EndGlobalSection
	GlobalSection(ExtensibilityGlobals) = postSolution
		SolutionGuid = {295B375A-61CB-481C-B3B0-32A428DEB001}
	EndGlobalSection
EndGlobal
